
Microsoft Visual Studio Solution File, Format Version 12.00
# Visual Studio Version 17
VisualStudioVersion = 17.3.32929.385
MinimumVisualStudioVersion = 10.0.40219.1
Project("{FAE04EC0-301F-11D3-BF4B-00C04F79EFBC}") = "ssn_371_WindowsService_HostAPI", "ssn_371_WindowsService_HostAPI\ssn_371_WindowsService_HostAPI.csproj", "{0A609431-F4F5-41A9-AE30-B0E4709BC28B}"
EndProject
Project("{FAE04EC0-301F-11D3-BF4B-00C04F79EFBC}") = "ssn_EventLog", "ssn_EventLog\ssn_EventLog.csproj", "{510C3FA6-BBF7-456B-82C2-9C4EEF619A1C}"
EndProject
Global
	GlobalSection(SolutionConfigurationPlatforms) = preSolution
		Debug|Any CPU = Debug|Any CPU
		Release|Any CPU = Release|Any CPU
	EndGlobalSection
	GlobalSection(ProjectConfigurationPlatforms) = postSolution
		{0A609431-F4F5-41A9-AE30-B0E4709BC28B}.Debug|Any CPU.ActiveCfg = Debug|Any CPU
		{0A609431-F4F5-41A9-AE30-B0E4709BC28B}.Debug|Any CPU.Build.0 = Debug|Any CPU
		{0A609431-F4F5-41A9-AE30-B0E4709BC28B}.Release|Any CPU.ActiveCfg = Release|Any CPU
		{0A609431-F4F5-41A9-AE30-B0E4709BC28B}.Release|Any CPU.Build.0 = Release|Any CPU
		{510C3FA6-BBF7-456B-82C2-9C4EEF619A1C}.Debug|Any CPU.ActiveCfg = Debug|Any CPU
		{510C3FA6-BBF7-456B-82C2-9C4EEF619A1C}.Debug|Any CPU.Build.0 = Debug|Any CPU
		{510C3FA6-BBF7-456B-82C2-9C4EEF619A1C}.Release|Any CPU.ActiveCfg = Release|Any CPU
		{510C3FA6-BBF7-456B-82C2-9C4EEF619A1C}.Release|Any CPU.Build.0 = Release|Any CPU
	EndGlobalSection
	GlobalSection(SolutionProperties) = preSolution
		HideSolutionNode = FALSE
	EndGlobalSection
	GlobalSection(ExtensibilityGlobals) = postSolution
		SolutionGuid = {1E620600-CF14-4BC9-B7CC-0A2D27C85181}
	EndGlobalSection
EndGlobal
